
Microsoft Visual Studio Solution File, Format Version 12.00
# Visual Studio Version 17
VisualStudioVersion = 17.0.32112.339
MinimumVisualStudioVersion = 10.0.40219.1
Project("{2150E333-8FDC-42A3-9474-1A3956D46DE8}") = "VaccineInfoService", "VaccineInfoService", "{91D2582F-FC8D-405B-8F15-C2C11FBC68DD}"
EndProject
Project("{2150E333-8FDC-42A3-9474-1A3956D46DE8}") = "APIGateway", "APIGateway", "{33715B01-2536-49F8-AA81-CBDA376BD838}"
EndProject
Project("{2150E333-8FDC-42A3-9474-1A3956D46DE8}") = "Shared", "Shared", "{3ACD665D-CE33-4DA6-8212-C30E6FD2DAA4}"
EndProject
Project("{2150E333-8FDC-42A3-9474-1A3956D46DE8}") = "src", "src", "{859C3868-AFF2-49AD-9963-16611DCDEEF0}"
EndProject
Project("{2150E333-8FDC-42A3-9474-1A3956D46DE8}") = "tests", "tests", "{2FBE09CA-646A-4CD3-91D3-94DB0D4CD2F8}"
EndProject
Project("{9A19103F-16F7-4668-BE54-9A1E7A4F7556}") = "VaccineInfo.Api", "VaccineInfoService\src\VaccineInfo.API\VaccineInfo.Api.csproj", "{BF822121-D183-42FE-A6D3-DFB1C2E1F24E}"
EndProject
Project("{9A19103F-16F7-4668-BE54-9A1E7A4F7556}") = "VaccineInfo.Core", "VaccineInfoService\src\VaccineInfo.Core\VaccineInfo.Core.csproj", "{B82407EB-F553-4793-846C-6B3BFDB668FF}"
EndProject
Project("{9A19103F-16F7-4668-BE54-9A1E7A4F7556}") = "VaccineInfo.Infrastructure", "VaccineInfoService\src\VaccineInfo.Infrastructure\VaccineInfo.Infrastructure.csproj", "{78768569-F47A-4F90-8AE7-CD678E9A6E33}"
EndProject
Project("{2150E333-8FDC-42A3-9474-1A3956D46DE8}") = "AuthenticationService", "AuthenticationService", "{C817B599-14F9-400A-BC3B-7678418F5E81}"
EndProject
Project("{2150E333-8FDC-42A3-9474-1A3956D46DE8}") = "src", "src", "{0B90B315-F4B4-4C37-970E-2BEA9D61E1F4}"
EndProject
Project("{2150E333-8FDC-42A3-9474-1A3956D46DE8}") = "tests", "tests", "{1BE9140F-6599-4FF9-85D8-160F035D189C}"
EndProject
Project("{9A19103F-16F7-4668-BE54-9A1E7A4F7556}") = "Authentication.Api", "AuthenticationService\src\Authentication.Api\Authentication.Api.csproj", "{140FE0AC-862A-46B0-AF8A-BA3D7140D44E}"
EndProject
Project("{9A19103F-16F7-4668-BE54-9A1E7A4F7556}") = "Authentication.Core", "AuthenticationService\src\Authentication.Core\Authentication.Core.csproj", "{37378B0D-6513-45B5-BDFA-99CC39E26856}"
EndProject
Project("{9A19103F-16F7-4668-BE54-9A1E7A4F7556}") = "Authentication.Infrastructure", "AuthenticationService\src\Authentication.Infrastructure\Authentication.Infrastructure.csproj", "{3180BFDA-99B5-42CA-9036-FB7EC8002EFB}"
EndProject
Project("{FAE04EC0-301F-11D3-BF4B-00C04F79EFBC}") = "VaccineInfo.Api.UnitTests", "VaccineInfoService\tests\VaccineInfo.Api.UnitTests\VaccineInfo.Api.UnitTests.csproj", "{51FAE480-DF8F-479F-A1BA-1C1F08DF2835}"
EndProject
Project("{FAE04EC0-301F-11D3-BF4B-00C04F79EFBC}") = "VaccineInfo.Core.UnitTests", "VaccineInfoService\tests\VaccineInfo.Core.UnitTests\VaccineInfo.Core.UnitTests.csproj", "{413D366C-51E3-4842-BC49-77FDA92E360F}"
EndProject
Project("{FAE04EC0-301F-11D3-BF4B-00C04F79EFBC}") = "VaccineInfo.Infrastructure.UnitTests", "VaccineInfoService\tests\VaccineInfo.Infrastructure.UnitTests\VaccineInfo.Infrastructure.UnitTests.csproj", "{375AEAED-C162-479B-B8B5-C9E3F9019126}"
EndProject
Project("{FAE04EC0-301F-11D3-BF4B-00C04F79EFBC}") = "VaccineInfo.Api.IntegrationTests", "VaccineInfoService\tests\VaccineInfo.Api.IntegrationTests\VaccineInfo.Api.IntegrationTests.csproj", "{7F033FCD-8E18-4315-8CDF-4504B2FB8C3E}"
EndProject
Project("{FAE04EC0-301F-11D3-BF4B-00C04F79EFBC}") = "Authentication.Api.UnitTests", "AuthenticationService\tests\Authentication.Api.UnitTests\Authentication.Api.UnitTests.csproj", "{D267AC5A-D43C-42FD-A78A-F12A4130E103}"
EndProject
Project("{2150E333-8FDC-42A3-9474-1A3956D46DE8}") = "WeatherForecastRemoteService", "WeatherForecastRemoteService", "{9E4776F9-E71F-4946-9532-000E20B12737}"
EndProject
Project("{2150E333-8FDC-42A3-9474-1A3956D46DE8}") = "src", "src", "{1B564787-617D-467A-967C-673738971CDD}"
EndProject
Project("{2150E333-8FDC-42A3-9474-1A3956D46DE8}") = "tests", "tests", "{1C43F8CB-E7E3-4B24-81CA-63CD4566EE6B}"
EndProject
Project("{FAE04EC0-301F-11D3-BF4B-00C04F79EFBC}") = "WeatherForecastRemote.Api", "WeatherForecastRemoteService\src\WeatherForecastRemote.Api\WeatherForecastRemote.Api.csproj", "{BD3F05A4-D144-430C-B720-4CB0555CE7C0}"
EndProject
Project("{FAE04EC0-301F-11D3-BF4B-00C04F79EFBC}") = "WeatherForecastRemote.Api.UnitTests", "WeatherForecastRemoteService\tests\WeatherForecastRemote.Api.UnitTests\WeatherForecastRemote.Api.UnitTests.csproj", "{226E40A5-183E-490C-BEEE-6D9716584F0E}"
EndProject
Project("{FAE04EC0-301F-11D3-BF4B-00C04F79EFBC}") = "WeatherForecastRemote.Core", "WeatherForecastRemoteService\src\WeatherForecastRemote.Core\WeatherForecastRemote.Core.csproj", "{C9FB7E08-D59E-4D44-921D-A68001D32352}"
EndProject
Project("{FAE04EC0-301F-11D3-BF4B-00C04F79EFBC}") = "WeatherForecastRemote.Infrastructure", "WeatherForecastRemoteService\src\WeatherForecastRemote.Infrastructure\WeatherForecastRemote.Infrastructure.csproj", "{F8A994B9-DD4D-49C1-85E6-EEAAFABDB7E8}"
EndProject
Global
	GlobalSection(SolutionConfigurationPlatforms) = preSolution
		Debug|Any CPU = Debug|Any CPU
		Release|Any CPU = Release|Any CPU
	EndGlobalSection
	GlobalSection(ProjectConfigurationPlatforms) = postSolution
		{BF822121-D183-42FE-A6D3-DFB1C2E1F24E}.Debug|Any CPU.ActiveCfg = Debug|Any CPU
		{BF822121-D183-42FE-A6D3-DFB1C2E1F24E}.Debug|Any CPU.Build.0 = Debug|Any CPU
		{BF822121-D183-42FE-A6D3-DFB1C2E1F24E}.Release|Any CPU.ActiveCfg = Release|Any CPU
		{BF822121-D183-42FE-A6D3-DFB1C2E1F24E}.Release|Any CPU.Build.0 = Release|Any CPU
		{B82407EB-F553-4793-846C-6B3BFDB668FF}.Debug|Any CPU.ActiveCfg = Debug|Any CPU
		{B82407EB-F553-4793-846C-6B3BFDB668FF}.Debug|Any CPU.Build.0 = Debug|Any CPU
		{B82407EB-F553-4793-846C-6B3BFDB668FF}.Release|Any CPU.ActiveCfg = Release|Any CPU
		{B82407EB-F553-4793-846C-6B3BFDB668FF}.Release|Any CPU.Build.0 = Release|Any CPU
		{78768569-F47A-4F90-8AE7-CD678E9A6E33}.Debug|Any CPU.ActiveCfg = Debug|Any CPU
		{78768569-F47A-4F90-8AE7-CD678E9A6E33}.Debug|Any CPU.Build.0 = Debug|Any CPU
		{78768569-F47A-4F90-8AE7-CD678E9A6E33}.Release|Any CPU.ActiveCfg = Release|Any CPU
		{78768569-F47A-4F90-8AE7-CD678E9A6E33}.Release|Any CPU.Build.0 = Release|Any CPU
		{140FE0AC-862A-46B0-AF8A-BA3D7140D44E}.Debug|Any CPU.ActiveCfg = Debug|Any CPU
		{140FE0AC-862A-46B0-AF8A-BA3D7140D44E}.Debug|Any CPU.Build.0 = Debug|Any CPU
		{140FE0AC-862A-46B0-AF8A-BA3D7140D44E}.Release|Any CPU.ActiveCfg = Release|Any CPU
		{140FE0AC-862A-46B0-AF8A-BA3D7140D44E}.Release|Any CPU.Build.0 = Release|Any CPU
		{37378B0D-6513-45B5-BDFA-99CC39E26856}.Debug|Any CPU.ActiveCfg = Debug|Any CPU
		{37378B0D-6513-45B5-BDFA-99CC39E26856}.Debug|Any CPU.Build.0 = Debug|Any CPU
		{37378B0D-6513-45B5-BDFA-99CC39E26856}.Release|Any CPU.ActiveCfg = Release|Any CPU
		{37378B0D-6513-45B5-BDFA-99CC39E26856}.Release|Any CPU.Build.0 = Release|Any CPU
		{3180BFDA-99B5-42CA-9036-FB7EC8002EFB}.Debug|Any CPU.ActiveCfg = Debug|Any CPU
		{3180BFDA-99B5-42CA-9036-FB7EC8002EFB}.Debug|Any CPU.Build.0 = Debug|Any CPU
		{3180BFDA-99B5-42CA-9036-FB7EC8002EFB}.Release|Any CPU.ActiveCfg = Release|Any CPU
		{3180BFDA-99B5-42CA-9036-FB7EC8002EFB}.Release|Any CPU.Build.0 = Release|Any CPU
		{51FAE480-DF8F-479F-A1BA-1C1F08DF2835}.Debug|Any CPU.ActiveCfg = Debug|Any CPU
		{51FAE480-DF8F-479F-A1BA-1C1F08DF2835}.Debug|Any CPU.Build.0 = Debug|Any CPU
		{51FAE480-DF8F-479F-A1BA-1C1F08DF2835}.Release|Any CPU.ActiveCfg = Release|Any CPU
		{51FAE480-DF8F-479F-A1BA-1C1F08DF2835}.Release|Any CPU.Build.0 = Release|Any CPU
		{413D366C-51E3-4842-BC49-77FDA92E360F}.Debug|Any CPU.ActiveCfg = Debug|Any CPU
		{413D366C-51E3-4842-BC49-77FDA92E360F}.Debug|Any CPU.Build.0 = Debug|Any CPU
		{413D366C-51E3-4842-BC49-77FDA92E360F}.Release|Any CPU.ActiveCfg = Release|Any CPU
		{413D366C-51E3-4842-BC49-77FDA92E360F}.Release|Any CPU.Build.0 = Release|Any CPU
		{375AEAED-C162-479B-B8B5-C9E3F9019126}.Debug|Any CPU.ActiveCfg = Debug|Any CPU
		{375AEAED-C162-479B-B8B5-C9E3F9019126}.Debug|Any CPU.Build.0 = Debug|Any CPU
		{375AEAED-C162-479B-B8B5-C9E3F9019126}.Release|Any CPU.ActiveCfg = Release|Any CPU
		{375AEAED-C162-479B-B8B5-C9E3F9019126}.Release|Any CPU.Build.0 = Release|Any CPU
		{7F033FCD-8E18-4315-8CDF-4504B2FB8C3E}.Debug|Any CPU.ActiveCfg = Debug|Any CPU
		{7F033FCD-8E18-4315-8CDF-4504B2FB8C3E}.Debug|Any CPU.Build.0 = Debug|Any CPU
		{7F033FCD-8E18-4315-8CDF-4504B2FB8C3E}.Release|Any CPU.ActiveCfg = Release|Any CPU
		{7F033FCD-8E18-4315-8CDF-4504B2FB8C3E}.Release|Any CPU.Build.0 = Release|Any CPU
		{D267AC5A-D43C-42FD-A78A-F12A4130E103}.Debug|Any CPU.ActiveCfg = Debug|Any CPU
		{D267AC5A-D43C-42FD-A78A-F12A4130E103}.Debug|Any CPU.Build.0 = Debug|Any CPU
		{D267AC5A-D43C-42FD-A78A-F12A4130E103}.Release|Any CPU.ActiveCfg = Release|Any CPU
		{D267AC5A-D43C-42FD-A78A-F12A4130E103}.Release|Any CPU.Build.0 = Release|Any CPU
		{BD3F05A4-D144-430C-B720-4CB0555CE7C0}.Debug|Any CPU.ActiveCfg = Debug|Any CPU
		{BD3F05A4-D144-430C-B720-4CB0555CE7C0}.Debug|Any CPU.Build.0 = Debug|Any CPU
		{BD3F05A4-D144-430C-B720-4CB0555CE7C0}.Release|Any CPU.ActiveCfg = Release|Any CPU
		{BD3F05A4-D144-430C-B720-4CB0555CE7C0}.Release|Any CPU.Build.0 = Release|Any CPU
		{226E40A5-183E-490C-BEEE-6D9716584F0E}.Debug|Any CPU.ActiveCfg = Debug|Any CPU
		{226E40A5-183E-490C-BEEE-6D9716584F0E}.Debug|Any CPU.Build.0 = Debug|Any CPU
		{226E40A5-183E-490C-BEEE-6D9716584F0E}.Release|Any CPU.ActiveCfg = Release|Any CPU
		{226E40A5-183E-490C-BEEE-6D9716584F0E}.Release|Any CPU.Build.0 = Release|Any CPU
		{C9FB7E08-D59E-4D44-921D-A68001D32352}.Debug|Any CPU.ActiveCfg = Debug|Any CPU
		{C9FB7E08-D59E-4D44-921D-A68001D32352}.Debug|Any CPU.Build.0 = Debug|Any CPU
		{C9FB7E08-D59E-4D44-921D-A68001D32352}.Release|Any CPU.ActiveCfg = Release|Any CPU
		{C9FB7E08-D59E-4D44-921D-A68001D32352}.Release|Any CPU.Build.0 = Release|Any CPU
		{F8A994B9-DD4D-49C1-85E6-EEAAFABDB7E8}.Debug|Any CPU.ActiveCfg = Debug|Any CPU
		{F8A994B9-DD4D-49C1-85E6-EEAAFABDB7E8}.Debug|Any CPU.Build.0 = Debug|Any CPU
		{F8A994B9-DD4D-49C1-85E6-EEAAFABDB7E8}.Release|Any CPU.ActiveCfg = Release|Any CPU
		{F8A994B9-DD4D-49C1-85E6-EEAAFABDB7E8}.Release|Any CPU.Build.0 = Release|Any CPU
	EndGlobalSection
	GlobalSection(SolutionProperties) = preSolution
		HideSolutionNode = FALSE
	EndGlobalSection
	GlobalSection(NestedProjects) = preSolution
		{859C3868-AFF2-49AD-9963-16611DCDEEF0} = {91D2582F-FC8D-405B-8F15-C2C11FBC68DD}
		{2FBE09CA-646A-4CD3-91D3-94DB0D4CD2F8} = {91D2582F-FC8D-405B-8F15-C2C11FBC68DD}
		{BF822121-D183-42FE-A6D3-DFB1C2E1F24E} = {859C3868-AFF2-49AD-9963-16611DCDEEF0}
		{B82407EB-F553-4793-846C-6B3BFDB668FF} = {859C3868-AFF2-49AD-9963-16611DCDEEF0}
		{78768569-F47A-4F90-8AE7-CD678E9A6E33} = {859C3868-AFF2-49AD-9963-16611DCDEEF0}
		{0B90B315-F4B4-4C37-970E-2BEA9D61E1F4} = {C817B599-14F9-400A-BC3B-7678418F5E81}
		{1BE9140F-6599-4FF9-85D8-160F035D189C} = {C817B599-14F9-400A-BC3B-7678418F5E81}
		{140FE0AC-862A-46B0-AF8A-BA3D7140D44E} = {0B90B315-F4B4-4C37-970E-2BEA9D61E1F4}
		{37378B0D-6513-45B5-BDFA-99CC39E26856} = {0B90B315-F4B4-4C37-970E-2BEA9D61E1F4}
		{3180BFDA-99B5-42CA-9036-FB7EC8002EFB} = {0B90B315-F4B4-4C37-970E-2BEA9D61E1F4}
		{51FAE480-DF8F-479F-A1BA-1C1F08DF2835} = {2FBE09CA-646A-4CD3-91D3-94DB0D4CD2F8}
		{413D366C-51E3-4842-BC49-77FDA92E360F} = {2FBE09CA-646A-4CD3-91D3-94DB0D4CD2F8}
		{375AEAED-C162-479B-B8B5-C9E3F9019126} = {2FBE09CA-646A-4CD3-91D3-94DB0D4CD2F8}
		{7F033FCD-8E18-4315-8CDF-4504B2FB8C3E} = {2FBE09CA-646A-4CD3-91D3-94DB0D4CD2F8}
		{D267AC5A-D43C-42FD-A78A-F12A4130E103} = {1BE9140F-6599-4FF9-85D8-160F035D189C}
		{1B564787-617D-467A-967C-673738971CDD} = {9E4776F9-E71F-4946-9532-000E20B12737}
		{1C43F8CB-E7E3-4B24-81CA-63CD4566EE6B} = {9E4776F9-E71F-4946-9532-000E20B12737}
		{BD3F05A4-D144-430C-B720-4CB0555CE7C0} = {1B564787-617D-467A-967C-673738971CDD}
		{226E40A5-183E-490C-BEEE-6D9716584F0E} = {1C43F8CB-E7E3-4B24-81CA-63CD4566EE6B}
		{C9FB7E08-D59E-4D44-921D-A68001D32352} = {1B564787-617D-467A-967C-673738971CDD}
		{F8A994B9-DD4D-49C1-85E6-EEAAFABDB7E8} = {1B564787-617D-467A-967C-673738971CDD}
	EndGlobalSection
	GlobalSection(ExtensibilityGlobals) = postSolution
		SolutionGuid = {9B4BBF47-6595-44E3-889B-9B9E97790E10}
	EndGlobalSection
EndGlobal
